// !$*UTF8*$!
{
	archiveVersion = 1;
	classes = {
	};
	objectVersion = 50;
	objects = {

/* Begin PBXBuildFile section */
		90FCD53D223663F400BA9DAD /* AppDelegate.swift in Sources */ = {isa = PBXBuildFile; fileRef = 90FCD53C223663F400BA9DAD /* AppDelegate.swift */; };
		90FCD53F223663F400BA9DAD /* ViewController.swift in Sources */ = {isa = PBXBuildFile; fileRef = 90FCD53E223663F400BA9DAD /* ViewController.swift */; };
		90FCD542223663F400BA9DAD /* Main.storyboard in Resources */ = {isa = PBXBuildFile; fileRef = 90FCD540223663F400BA9DAD /* Main.storyboard */; };
		90FCD544223663F600BA9DAD /* Assets.xcassets in Resources */ = {isa = PBXBuildFile; fileRef = 90FCD543223663F600BA9DAD /* Assets.xcassets */; };
		90FCD547223663F600BA9DAD /* LaunchScreen.storyboard in Resources */ = {isa = PBXBuildFile; fileRef = 90FCD545223663F600BA9DAD /* LaunchScreen.storyboard */; };
		90FCD55122367AD600BA9DAD /* Concentration.swift in Sources */ = {isa = PBXBuildFile; fileRef = 90FCD55022367AD600BA9DAD /* Concentration.swift */; };
		90FCD55322367ADD00BA9DAD /* Card.swift in Sources */ = {isa = PBXBuildFile; fileRef = 90FCD55222367ADD00BA9DAD /* Card.swift */; };
/* End PBXBuildFile section */

/* Begin PBXFileReference section */
		90FCD539223663F400BA9DAD /* StanfordConcentrationApp.app */ = {isa = PBXFileReference; explicitFileType = wrapper.application; includeInIndex = 0; path = StanfordConcentrationApp.app; sourceTree = BUILT_PRODUCTS_DIR; };
		90FCD53C223663F400BA9DAD /* AppDelegate.swift */ = {isa = PBXFileReference; lastKnownFileType = sourcecode.swift; path = AppDelegate.swift; sourceTree = "<group>"; };
		90FCD53E223663F400BA9DAD /* ViewController.swift */ = {isa = PBXFileReference; lastKnownFileType = sourcecode.swift; path = ViewController.swift; sourceTree = "<group>"; };
		90FCD541223663F400BA9DAD /* Base */ = {isa = PBXFileReference; lastKnownFileType = file.storyboard; name = Base; path = Base.lproj/Main.storyboard; sourceTree = "<group>"; };
		90FCD543223663F600BA9DAD /* Assets.xcassets */ = {isa = PBXFileReference; lastKnownFileType = folder.assetcatalog; path = Assets.xcassets; sourceTree = "<group>"; };
		90FCD546223663F600BA9DAD /* Base */ = {isa = PBXFileReference; lastKnownFileType = file.storyboard; name = Base; path = Base.lproj/LaunchScreen.storyboard; sourceTree = "<group>"; };
		90FCD548223663F600BA9DAD /* Info.plist */ = {isa = PBXFileReference; lastKnownFileType = text.plist.xml; path = Info.plist; sourceTree = "<group>"; };
		90FCD55022367AD600BA9DAD /* Concentration.swift */ = {isa = PBXFileReference; lastKnownFileType = sourcecode.swift; path = Concentration.swift; sourceTree = "<group>"; };
		90FCD55222367ADD00BA9DAD /* Card.swift */ = {isa = PBXFileReference; lastKnownFileType = sourcecode.swift; path = Card.swift; sourceTree = "<group>"; };
/* End PBXFileReference section */

/* Begin PBXFrameworksBuildPhase section */
		90FCD536223663F400BA9DAD /* Frameworks */ = {
			isa = PBXFrameworksBuildPhase;
			buildActionMask = 2147483647;
			files = (
			);
			runOnlyForDeploymentPostprocessing = 0;
		};
/* End PBXFrameworksBuildPhase section */

/* Begin PBXGroup section */
		90FCD530223663F400BA9DAD = {
			isa = PBXGroup;
			children = (
				90FCD53B223663F400BA9DAD /* StanfordConcentrationApp */,
				90FCD53A223663F400BA9DAD /* Products */,
			);
			sourceTree = "<group>";
		};
		90FCD53A223663F400BA9DAD /* Products */ = {
			isa = PBXGroup;
			children = (
				90FCD539223663F400BA9DAD /* StanfordConcentrationApp.app */,
			);
			name = Products;
			sourceTree = "<group>";
		};
		90FCD53B223663F400BA9DAD /* StanfordConcentrationApp */ = {
			isa = PBXGroup;
			children = (
				90FCD53E223663F400BA9DAD /* ViewController.swift */,
				90FCD540223663F400BA9DAD /* Main.storyboard */,
				90FCD54F223664BF00BA9DAD /* SupportingFiles */,
				90FCD548223663F600BA9DAD /* Info.plist */,
				90FCD55022367AD600BA9DAD /* Concentration.swift */,
				90FCD55222367ADD00BA9DAD /* Card.swift */,
			);
			path = StanfordConcentrationApp;
			sourceTree = "<group>";
		};
		90FCD54F223664BF00BA9DAD /* SupportingFiles */ = {
			isa = PBXGroup;
			children = (
				90FCD53C223663F400BA9DAD /* AppDelegate.swift */,
				90FCD543223663F600BA9DAD /* Assets.xcassets */,
				90FCD545223663F600BA9DAD /* LaunchScreen.storyboard */,
			);
			path = SupportingFiles;
			sourceTree = "<group>";
		};
/* End PBXGroup section */

/* Begin PBXNativeTarget section */
		90FCD538223663F400BA9DAD /* StanfordConcentrationApp */ = {
			isa = PBXNativeTarget;
			buildConfigurationList = 90FCD54B223663F600BA9DAD /* Build configuration list for PBXNativeTarget "StanfordConcentrationApp" */;
			buildPhases = (
				90FCD535223663F400BA9DAD /* Sources */,
				90FCD536223663F400BA9DAD /* Frameworks */,
				90FCD537223663F400BA9DAD /* Resources */,
			);
			buildRules = (
			);
			dependencies = (
			);
			name = StanfordConcentrationApp;
			productName = StanfordConcentrationApp;
			productReference = 90FCD539223663F400BA9DAD /* StanfordConcentrationApp.app */;
			productType = "com.apple.product-type.application";
		};
/* End PBXNativeTarget section */

/* Begin PBXProject section */
		90FCD531223663F400BA9DAD /* Project object */ = {
			isa = PBXProject;
			attributes = {
				LastSwiftUpdateCheck = 1010;
				LastUpgradeCheck = 1010;
				ORGANIZATIONNAME = "King Co.";
				TargetAttributes = {
					90FCD538223663F400BA9DAD = {
						CreatedOnToolsVersion = 10.1;
					};
				};
			};
			buildConfigurationList = 90FCD534223663F400BA9DAD /* Build configuration list for PBXProject "StanfordConcentrationApp" */;
			compatibilityVersion = "Xcode 9.3";
			developmentRegion = en;
			hasScannedForEncodings = 0;
			knownRegions = (
				en,
				Base,
			);
			mainGroup = 90FCD530223663F400BA9DAD;
			productRefGroup = 90FCD53A223663F400BA9DAD /* Products */;
			projectDirPath = "";
			projectRoot = "";
			targets = (
				90FCD538223663F400BA9DAD /* StanfordConcentrationApp */,
			);
		};
/* End PBXProject section */

/* Begin PBXResourcesBuildPhase section */
		90FCD537223663F400BA9DAD /* Resources */ = {
			isa = PBXResourcesBuildPhase;
			buildActionMask = 2147483647;
			files = (
				90FCD547223663F600BA9DAD /* LaunchScreen.storyboard in Resources */,
				90FCD544223663F600BA9DAD /* Assets.xcassets in Resources */,
				90FCD542223663F400BA9DAD /* Main.storyboard in Resources */,
			);
			runOnlyForDeploymentPostprocessing = 0;
		};
/* End PBXResourcesBuildPhase section */

/* Begin PBXSourcesBuildPhase section */
		90FCD535223663F400BA9DAD /* Sources */ = {
			isa = PBXSourcesBuildPhase;
			buildActionMask = 2147483647;
			files = (
				90FCD53F223663F400BA9DAD /* ViewController.swift in Sources */,
				90FCD53D223663F400BA9DAD /* AppDelegate.swift in Sources */,
				90FCD55122367AD600BA9DAD /* Concentration.swift in Sources */,
				90FCD55322367ADD00BA9DAD /* Card.swift in Sources */,
			);
			runOnlyForDeploymentPostprocessing = 0;
		};
/* End PBXSourcesBuildPhase section */

/* Begin PBXVariantGroup section */
		90FCD540223663F400BA9DAD /* Main.storyboard */ = {
			isa = PBXVariantGroup;
			children = (
				90FCD541223663F400BA9DAD /* Base */,
			);
			name = Main.storyboard;
			sourceTree = "<group>";
		};
		90FCD545223663F600BA9DAD /* LaunchScreen.storyboard */ = {
			isa = PBXVariantGroup;
			children = (
				90FCD546223663F600BA9DAD /* Base */,
			);
			name = LaunchScreen.storyboard;
			sourceTree = "<group>";
		};
/* End PBXVariantGroup section */

/* Begin XCBuildConfiguration section */
		90FCD549223663F600BA9DAD /* Debug */ = {
			isa = XCBuildConfiguration;
			buildSettings = {
				ALWAYS_SEARCH_USER_PATHS = NO;
				CLANG_ANALYZER_NONNULL = YES;
				CLANG_ANALYZER_NUMBER_OBJECT_CONVERSION = YES_AGGRESSIVE;
				CLANG_CXX_LANGUAGE_STANDARD = "gnu++14";
				CLANG_CXX_LIBRARY = "libc++";
				CLANG_ENABLE_MODULES = YES;
				CLANG_ENABLE_OBJC_ARC = YES;
				CLANG_ENABLE_OBJC_WEAK = YES;
				CLANG_WARN_BLOCK_CAPTURE_AUTORELEASING = YES;
				CLANG_WARN_BOOL_CONVERSION = YES;
				CLANG_WARN_COMMA = YES;
				CLANG_WARN_CONSTANT_CONVERSION = YES;
				CLANG_WARN_DEPRECATED_OBJC_IMPLEMENTATIONS = YES;
				CLANG_WARN_DIRECT_OBJC_ISA_USAGE = YES_ERROR;
				CLANG_WARN_DOCUMENTATION_COMMENTS = YES;
				CLANG_WARN_EMPTY_BODY = YES;
				CLANG_WARN_ENUM_CONVERSION = YES;
				CLANG_WARN_INFINITE_RECURSION = YES;
				CLANG_WARN_INT_CONVERSION = YES;
				CLANG_WARN_NON_LITERAL_NULL_CONVERSION = YES;
				CLANG_WARN_OBJC_IMPLICIT_RETAIN_SELF = YES;
				CLANG_WARN_OBJC_LITERAL_CONVERSION = YES;
				CLANG_WARN_OBJC_ROOT_CLASS = YES_ERROR;
				CLANG_WARN_RANGE_LOOP_ANALYSIS = YES;
				CLANG_WARN_STRICT_PROTOTYPES = YES;
				CLANG_WARN_SUSPICIOUS_MOVE = YES;
				CLANG_WARN_UNGUARDED_AVAILABILITY = YES_AGGRESSIVE;
				CLANG_WARN_UNREACHABLE_CODE = YES;
				CLANG_WARN__DUPLICATE_METHOD_MATCH = YES;
				CODE_SIGN_IDENTITY = "iPhone Developer";
				COPY_PHASE_STRIP = NO;
				DEBUG_INFORMATION_FORMAT = dwarf;
				ENABLE_STRICT_OBJC_MSGSEND = YES;
				ENABLE_TESTABILITY = YES;
				GCC_C_LANGUAGE_STANDARD = gnu11;
				GCC_DYNAMIC_NO_PIC = NO;
				GCC_NO_COMMON_BLOCKS = YES;
				GCC_OPTIMIZATION_LEVEL = 0;
				GCC_PREPROCESSOR_DEFINITIONS = (
					"DEBUG=1",
					"$(inherited)",
				);
				GCC_WARN_64_TO_32_BIT_CONVERSION = YES;
				GCC_WARN_ABOUT_RETURN_TYPE = YES_ERROR;
				GCC_WARN_UNDECLARED_SELECTOR = YES;
				GCC_WARN_UNINITIALIZED_AUTOS = YES_AGGRESSIVE;
				GCC_WARN_UNUSED_FUNCTION = YES;
				GCC_WARN_UNUSED_VARIABLE = YES;
				IPHONEOS_DEPLOYMENT_TARGET = 12.1;
				MTL_ENABLE_DEBUG_INFO = INCLUDE_SOURCE;
				MTL_FAST_MATH = YES;
				ONLY_ACTIVE_ARCH = YES;
				SDKROOT = iphoneos;
				SWIFT_ACTIVE_COMPILATION_CONDITIONS = DEBUG;
				SWIFT_OPTIMIZATION_LEVEL = "-Onone";
			};
			name = Debug;
		};
		90FCD54A223663F600BA9DAD /* Release */ = {
			isa = XCBuildConfiguration;
			buildSettings = {
				ALWAYS_SEARCH_USER_PATHS = NO;
				CLANG_ANALYZER_NONNULL = YES;
				CLANG_ANALYZER_NUMBER_OBJECT_CONVERSION = YES_AGGRESSIVE;
				CLANG_CXX_LANGUAGE_STANDARD = "gnu++14";
				CLANG_CXX_LIBRARY = "libc++";
				CLANG_ENABLE_MODULES = YES;
				CLANG_ENABLE_OBJC_ARC = YES;
				CLANG_ENABLE_OBJC_WEAK = YES;
				CLANG_WARN_BLOCK_CAPTURE_AUTORELEASING = YES;
				CLANG_WARN_BOOL_CONVERSION = YES;
				CLANG_WARN_COMMA = YES;
				CLANG_WARN_CONSTANT_CONVERSION = YES;
				CLANG_WARN_DEPRECATED_OBJC_IMPLEMENTATIONS = YES;
				CLANG_WARN_DIRECT_OBJC_ISA_USAGE = YES_ERROR;
				CLANG_WARN_DOCUMENTATION_COMMENTS = YES;
				CLANG_WARN_EMPTY_BODY = YES;
				CLANG_WARN_ENUM_CONVERSION = YES;
				CLANG_WARN_INFINITE_RECURSION = YES;
				CLANG_WARN_INT_CONVERSION = YES;
				CLANG_WARN_NON_LITERAL_NULL_CONVERSION = YES;
				CLANG_WARN_OBJC_IMPLICIT_RETAIN_SELF = YES;
				CLANG_WARN_OBJC_LITERAL_CONVERSION = YES;
				CLANG_WARN_OBJC_ROOT_CLASS = YES_ERROR;
				CLANG_WARN_RANGE_LOOP_ANALYSIS = YES;
				CLANG_WARN_STRICT_PROTOTYPES = YES;
				CLANG_WARN_SUSPICIOUS_MOVE = YES;
				CLANG_WARN_UNGUARDED_AVAILABILITY = YES_AGGRESSIVE;
				CLANG_WARN_UNREACHABLE_CODE = YES;
				CLANG_WARN__DUPLICATE_METHOD_MATCH = YES;
				CODE_SIGN_IDENTITY = "iPhone Developer";
				COPY_PHASE_STRIP = NO;
				DEBUG_INFORMATION_FORMAT = "dwarf-with-dsym";
				ENABLE_NS_ASSERTIONS = NO;
				ENABLE_STRICT_OBJC_MSGSEND = YES;
				GCC_C_LANGUAGE_STANDARD = gnu11;
				GCC_NO_COMMON_BLOCKS = YES;
				GCC_WARN_64_TO_32_BIT_CONVERSION = YES;
				GCC_WARN_ABOUT_RETURN_TYPE = YES_ERROR;
				GCC_WARN_UNDECLARED_SELECTOR = YES;
				GCC_WARN_UNINITIALIZED_AUTOS = YES_AGGRESSIVE;
				GCC_WARN_UNUSED_FUNCTION = YES;
				GCC_WARN_UNUSED_VARIABLE = YES;
				IPHONEOS_DEPLOYMENT_TARGET = 12.1;
				MTL_ENABLE_DEBUG_INFO = NO;
				MTL_FAST_MATH = YES;
				SDKROOT = iphoneos;
				SWIFT_COMPILATION_MODE = wholemodule;
				SWIFT_OPTIMIZATION_LEVEL = "-O";
				VALIDATE_PRODUCT = YES;
			};
			name = Release;
		};
		90FCD54C223663F600BA9DAD /* Debug */ = {
			isa = XCBuildConfiguration;
			buildSettings = {
				ASSETCATALOG_COMPILER_APPICON_NAME = AppIcon;
				CODE_SIGN_STYLE = Automatic;
				DEVELOPMENT_TEAM = 77H998AFPB;
				INFOPLIST_FILE = StanfordConcentrationApp/Info.plist;
				LD_RUNPATH_SEARCH_PATHS = (
					"$(inherited)",
					"@executable_path/Frameworks",
				);
				PRODUCT_BUNDLE_IDENTIFIER = unal.StanfordConcentrationApp;
				PRODUCT_NAME = "$(TARGET_NAME)";
				SWIFT_VERSION = 4.2;
				TARGETED_DEVICE_FAMILY = "1,2";
			};
			name = Debug;
		};
		90FCD54D223663F600BA9DAD /* Release */ = {
			isa = XCBuildConfiguration;
			buildSettings = {
				ASSETCATALOG_COMPILER_APPICON_NAME = AppIcon;
				CODE_SIGN_STYLE = Automatic;
				DEVELOPMENT_TEAM = 77H998AFPB;
				INFOPLIST_FILE = StanfordConcentrationApp/Info.plist;
				LD_RUNPATH_SEARCH_PATHS = (
					"$(inherited)",
					"@executable_path/Frameworks",
				);
				PRODUCT_BUNDLE_IDENTIFIER = unal.StanfordConcentrationApp;
				PRODUCT_NAME = "$(TARGET_NAME)";
				SWIFT_VERSION = 4.2;
				TARGETED_DEVICE_FAMILY = "1,2";
			};
			name = Release;
		};
/* End XCBuildConfiguration section */

/* Begin XCConfigurationList section */
		90FCD534223663F400BA9DAD /* Build configuration list for PBXProject "StanfordConcentrationApp" */ = {
			isa = XCConfigurationList;
			buildConfigurations = (
				90FCD549223663F600BA9DAD /* Debug */,
				90FCD54A223663F600BA9DAD /* Release */,
			);
			defaultConfigurationIsVisible = 0;
			defaultConfigurationName = Release;
		};
		90FCD54B223663F600BA9DAD /* Build configuration list for PBXNativeTarget "StanfordConcentrationApp" */ = {
			isa = XCConfigurationList;
			buildConfigurations = (
				90FCD54C223663F600BA9DAD /* Debug */,
				90FCD54D223663F600BA9DAD /* Release */,
			);
			defaultConfigurationIsVisible = 0;
			defaultConfigurationName = Release;
		};
/* End XCConfigurationList section */
	};
	rootObject = 90FCD531223663F400BA9DAD /* Project object */;
}
